{"1.2.0",
[{<<"re_tuner">>,{pkg,<<"re_tuner">>,<<"0.1.20">>},0},
 {<<"sstr">>,
  {git,"git://github.com/rustkas/erlang-simple-string.git",
       {ref,"f4a0b1cace9cfcf47e9abf9b1e73772d447b51e4"}},
  0}]}.
[
{pkg_hash,[
 {<<"re_tuner">>, <<"0E5B6DA511818D6D44803E1A0E495C596980C2A25C43CD17E65175E286B5BEC2">>}]},
{pkg_hash_ext,[
 {<<"re_tuner">>, <<"8E3110C308B9D219D3491A87EAA5123B52D36D2614C87F7DD083FDDF51BD0691">>}]}
].
